
Microsoft Visual Studio Solution File, Format Version 12.00
# Visual Studio Version 17
VisualStudioVersion = 17.14.36401.2
MinimumVisualStudioVersion = 10.0.40219.1
Project("{FAE04EC0-301F-11D3-BF4B-00C04F79EFBC}") = "BranchMonitorFrontEnd", "BranchMonitorFrontEnd\BranchMonitorFrontEnd.csproj", "{C038AAA1-2289-4AA1-9DF9-AE26640D5FF6}"
EndProject
Global
	GlobalSection(SolutionConfigurationPlatforms) = preSolution
		Debug|Any CPU = Debug|Any CPU
		Release|Any CPU = Release|Any CPU
	EndGlobalSection
	GlobalSection(ProjectConfigurationPlatforms) = postSolution
		{C038AAA1-2289-4AA1-9DF9-AE26640D5FF6}.Debug|Any CPU.ActiveCfg = Debug|Any CPU
		{C038AAA1-2289-4AA1-9DF9-AE26640D5FF6}.Debug|Any CPU.Build.0 = Debug|Any CPU
		{C038AAA1-2289-4AA1-9DF9-AE26640D5FF6}.Release|Any CPU.ActiveCfg = Release|Any CPU
		{C038AAA1-2289-4AA1-9DF9-AE26640D5FF6}.Release|Any CPU.Build.0 = Release|Any CPU
	EndGlobalSection
	GlobalSection(SolutionProperties) = preSolution
		HideSolutionNode = FALSE
	EndGlobalSection
	GlobalSection(ExtensibilityGlobals) = postSolution
		SolutionGuid = {BBDDD389-EB84-47A5-B49B-2A80A6C1215E}
	EndGlobalSection
EndGlobal
